
Microsoft Visual Studio Solution File, Format Version 12.00
# Visual Studio Version 16
VisualStudioVersion = 16.0.34031.81
MinimumVisualStudioVersion = 10.0.40219.1
Project("{2150E333-8FDC-42A3-9474-1A3956D46DE8}") = "Task0", "Task0", "{2576FE60-8449-4521-8A43-5C5E02704804}"
EndProject
Project("{FAE04EC0-301F-11D3-BF4B-00C04F79EFBC}") = "Tyuiu.DeminDA.Sprint2.Task0.V13", "Tyuiu.DeminDA.Sprint2.Task0.V13\Tyuiu.DeminDA.Sprint2.Task0.V13.csproj", "{CD29E416-FDA4-4EF7-B40B-39A57DB0EF17}"
EndProject
Project("{FAE04EC0-301F-11D3-BF4B-00C04F79EFBC}") = "Tyuiu.DeminDA.Sprint2.Task0.V13.Lib", "Tyuiu.DeminDA.Sprint2.Task0.V13.Lib\Tyuiu.DeminDA.Sprint2.Task0.V13.Lib.csproj", "{9AEE859B-A461-4231-8055-AF3E4889CA9A}"
EndProject
Project("{FAE04EC0-301F-11D3-BF4B-00C04F79EFBC}") = "Tyuiu.DeminDA.Sprint2.Task0.V13.Test", "Tyuiu.DeminDA.Sprint2.Task0.V13.Test\Tyuiu.DeminDA.Sprint2.Task0.V13.Test.csproj", "{7CA902E7-78E4-4149-8398-9AC714F07AE5}"
EndProject
Project("{2150E333-8FDC-42A3-9474-1A3956D46DE8}") = "Task1", "Task1", "{33B73B86-16A0-4BB3-BD8F-BC0D71CFBFF8}"
EndProject
Project("{FAE04EC0-301F-11D3-BF4B-00C04F79EFBC}") = "Tyuiu.DeminDA.Sprint2.Task1.V18", "Tyuiu.DeminDA.Sprint2.Task1.V18\Tyuiu.DeminDA.Sprint2.Task1.V18.csproj", "{51F11AD8-23AA-423E-8DD0-08BBB45038F7}"
EndProject
Project("{FAE04EC0-301F-11D3-BF4B-00C04F79EFBC}") = "Tyuiu.DeminDA.Sprint2.Task1.V18.Lib", "Tyuiu.DeminDA.Sprint2.Task1.V18.Lib\Tyuiu.DeminDA.Sprint2.Task1.V18.Lib.csproj", "{F2612D4E-E384-4B00-8D5B-CE5EA9C3270D}"
EndProject
Project("{FAE04EC0-301F-11D3-BF4B-00C04F79EFBC}") = "Tyuiu.DeminDA.Sprint2.Task1.V18.Test", "Tyuiu.DeminDA.Sprint2.Task1.V18.Test\Tyuiu.DeminDA.Sprint2.Task1.V18.Test.csproj", "{ED8A1D98-A82F-459D-8E72-6465826B4732}"
EndProject
Project("{2150E333-8FDC-42A3-9474-1A3956D46DE8}") = "Task2", "Task2", "{4536B685-73D3-47D4-B242-ED41EBA13822}"
EndProject
Project("{FAE04EC0-301F-11D3-BF4B-00C04F79EFBC}") = "Tyuiu.DeminDA.Sprint2.Task2.V11", "Tyuiu.DeminDA.Sprint2.Task2.V11\Tyuiu.DeminDA.Sprint2.Task2.V11.csproj", "{33B5C2EC-6932-4C29-8DE4-46E5D4AECA2E}"
EndProject
Project("{FAE04EC0-301F-11D3-BF4B-00C04F79EFBC}") = "Tyuiu.DeminDA.Sprint2.Task2.V11.Lib", "Tyuiu.DeminDA.Sprint2.Task2.V11.Lib\Tyuiu.DeminDA.Sprint2.Task2.V11.Lib.csproj", "{AB350AEB-66E3-4F34-A435-5501D0C3D2E0}"
EndProject
Project("{FAE04EC0-301F-11D3-BF4B-00C04F79EFBC}") = "Tyuiu.DeminDA.Sprint2.Task2.V11.Test", "Tyuiu.DeminDA.Sprint2.Task2.V11.Test\Tyuiu.DeminDA.Sprint2.Task2.V11.Test.csproj", "{52174C8B-924D-4806-9761-3FDE1C7FBB85}"
EndProject
Project("{2150E333-8FDC-42A3-9474-1A3956D46DE8}") = "Task3", "Task3", "{B91D3ACB-3E09-431F-B88B-9DE37B7FAFE7}"
EndProject
Project("{FAE04EC0-301F-11D3-BF4B-00C04F79EFBC}") = "Tyuiu.DeminDA.Sprint2.Task3.V13", "Tyuiu.DeminDA.Sprint2.Task3.V13\Tyuiu.DeminDA.Sprint2.Task3.V13.csproj", "{8022BCBE-327C-4B8F-B8DE-3C601D586ADA}"
EndProject
Project("{FAE04EC0-301F-11D3-BF4B-00C04F79EFBC}") = "Tyuiu.DeminDA.Sprint2.Task3.V13.Lib", "Tyuiu.DeminDA.Sprint2.Task3.V13.Lib\Tyuiu.DeminDA.Sprint2.Task3.V13.Lib.csproj", "{51B894D4-E305-44A6-8BB1-B4542EB01BBF}"
EndProject
Project("{FAE04EC0-301F-11D3-BF4B-00C04F79EFBC}") = "Tyuiu.DeminDA.Sprint2.Task3.V13.Test", "Tyuiu.DeminDA.Sprint2.Task3.V13.Test\Tyuiu.DeminDA.Sprint2.Task3.V13.Test.csproj", "{0E672272-95EF-4FC1-AF37-14BB9D8CB5E0}"
EndProject
Global
	GlobalSection(SolutionConfigurationPlatforms) = preSolution
		Debug|Any CPU = Debug|Any CPU
		Release|Any CPU = Release|Any CPU
	EndGlobalSection
	GlobalSection(ProjectConfigurationPlatforms) = postSolution
		{CD29E416-FDA4-4EF7-B40B-39A57DB0EF17}.Debug|Any CPU.ActiveCfg = Debug|Any CPU
		{CD29E416-FDA4-4EF7-B40B-39A57DB0EF17}.Debug|Any CPU.Build.0 = Debug|Any CPU
		{CD29E416-FDA4-4EF7-B40B-39A57DB0EF17}.Release|Any CPU.ActiveCfg = Release|Any CPU
		{CD29E416-FDA4-4EF7-B40B-39A57DB0EF17}.Release|Any CPU.Build.0 = Release|Any CPU
		{9AEE859B-A461-4231-8055-AF3E4889CA9A}.Debug|Any CPU.ActiveCfg = Debug|Any CPU
		{9AEE859B-A461-4231-8055-AF3E4889CA9A}.Debug|Any CPU.Build.0 = Debug|Any CPU
		{9AEE859B-A461-4231-8055-AF3E4889CA9A}.Release|Any CPU.ActiveCfg = Release|Any CPU
		{9AEE859B-A461-4231-8055-AF3E4889CA9A}.Release|Any CPU.Build.0 = Release|Any CPU
		{7CA902E7-78E4-4149-8398-9AC714F07AE5}.Debug|Any CPU.ActiveCfg = Debug|Any CPU
		{7CA902E7-78E4-4149-8398-9AC714F07AE5}.Debug|Any CPU.Build.0 = Debug|Any CPU
		{7CA902E7-78E4-4149-8398-9AC714F07AE5}.Release|Any CPU.ActiveCfg = Release|Any CPU
		{7CA902E7-78E4-4149-8398-9AC714F07AE5}.Release|Any CPU.Build.0 = Release|Any CPU
		{51F11AD8-23AA-423E-8DD0-08BBB45038F7}.Debug|Any CPU.ActiveCfg = Debug|Any CPU
		{51F11AD8-23AA-423E-8DD0-08BBB45038F7}.Debug|Any CPU.Build.0 = Debug|Any CPU
		{51F11AD8-23AA-423E-8DD0-08BBB45038F7}.Release|Any CPU.ActiveCfg = Release|Any CPU
		{51F11AD8-23AA-423E-8DD0-08BBB45038F7}.Release|Any CPU.Build.0 = Release|Any CPU
		{F2612D4E-E384-4B00-8D5B-CE5EA9C3270D}.Debug|Any CPU.ActiveCfg = Debug|Any CPU
		{F2612D4E-E384-4B00-8D5B-CE5EA9C3270D}.Debug|Any CPU.Build.0 = Debug|Any CPU
		{F2612D4E-E384-4B00-8D5B-CE5EA9C3270D}.Release|Any CPU.ActiveCfg = Release|Any CPU
		{F2612D4E-E384-4B00-8D5B-CE5EA9C3270D}.Release|Any CPU.Build.0 = Release|Any CPU
		{ED8A1D98-A82F-459D-8E72-6465826B4732}.Debug|Any CPU.ActiveCfg = Debug|Any CPU
		{ED8A1D98-A82F-459D-8E72-6465826B4732}.Debug|Any CPU.Build.0 = Debug|Any CPU
		{ED8A1D98-A82F-459D-8E72-6465826B4732}.Release|Any CPU.ActiveCfg = Release|Any CPU
		{ED8A1D98-A82F-459D-8E72-6465826B4732}.Release|Any CPU.Build.0 = Release|Any CPU
		{33B5C2EC-6932-4C29-8DE4-46E5D4AECA2E}.Debug|Any CPU.ActiveCfg = Debug|Any CPU
		{33B5C2EC-6932-4C29-8DE4-46E5D4AECA2E}.Debug|Any CPU.Build.0 = Debug|Any CPU
		{33B5C2EC-6932-4C29-8DE4-46E5D4AECA2E}.Release|Any CPU.ActiveCfg = Release|Any CPU
		{33B5C2EC-6932-4C29-8DE4-46E5D4AECA2E}.Release|Any CPU.Build.0 = Release|Any CPU
		{AB350AEB-66E3-4F34-A435-5501D0C3D2E0}.Debug|Any CPU.ActiveCfg = Debug|Any CPU
		{AB350AEB-66E3-4F34-A435-5501D0C3D2E0}.Debug|Any CPU.Build.0 = Debug|Any CPU
		{AB350AEB-66E3-4F34-A435-5501D0C3D2E0}.Release|Any CPU.ActiveCfg = Release|Any CPU
		{AB350AEB-66E3-4F34-A435-5501D0C3D2E0}.Release|Any CPU.Build.0 = Release|Any CPU
		{52174C8B-924D-4806-9761-3FDE1C7FBB85}.Debug|Any CPU.ActiveCfg = Debug|Any CPU
		{52174C8B-924D-4806-9761-3FDE1C7FBB85}.Debug|Any CPU.Build.0 = Debug|Any CPU
		{52174C8B-924D-4806-9761-3FDE1C7FBB85}.Release|Any CPU.ActiveCfg = Release|Any CPU
		{52174C8B-924D-4806-9761-3FDE1C7FBB85}.Release|Any CPU.Build.0 = Release|Any CPU
		{8022BCBE-327C-4B8F-B8DE-3C601D586ADA}.Debug|Any CPU.ActiveCfg = Debug|Any CPU
		{8022BCBE-327C-4B8F-B8DE-3C601D586ADA}.Debug|Any CPU.Build.0 = Debug|Any CPU
		{8022BCBE-327C-4B8F-B8DE-3C601D586ADA}.Release|Any CPU.ActiveCfg = Release|Any CPU
		{8022BCBE-327C-4B8F-B8DE-3C601D586ADA}.Release|Any CPU.Build.0 = Release|Any CPU
		{51B894D4-E305-44A6-8BB1-B4542EB01BBF}.Debug|Any CPU.ActiveCfg = Debug|Any CPU
		{51B894D4-E305-44A6-8BB1-B4542EB01BBF}.Debug|Any CPU.Build.0 = Debug|Any CPU
		{51B894D4-E305-44A6-8BB1-B4542EB01BBF}.Release|Any CPU.ActiveCfg = Release|Any CPU
		{51B894D4-E305-44A6-8BB1-B4542EB01BBF}.Release|Any CPU.Build.0 = Release|Any CPU
		{0E672272-95EF-4FC1-AF37-14BB9D8CB5E0}.Debug|Any CPU.ActiveCfg = Debug|Any CPU
		{0E672272-95EF-4FC1-AF37-14BB9D8CB5E0}.Debug|Any CPU.Build.0 = Debug|Any CPU
		{0E672272-95EF-4FC1-AF37-14BB9D8CB5E0}.Release|Any CPU.ActiveCfg = Release|Any CPU
		{0E672272-95EF-4FC1-AF37-14BB9D8CB5E0}.Release|Any CPU.Build.0 = Release|Any CPU
	EndGlobalSection
	GlobalSection(SolutionProperties) = preSolution
		HideSolutionNode = FALSE
	EndGlobalSection
	GlobalSection(NestedProjects) = preSolution
		{CD29E416-FDA4-4EF7-B40B-39A57DB0EF17} = {2576FE60-8449-4521-8A43-5C5E02704804}
		{9AEE859B-A461-4231-8055-AF3E4889CA9A} = {2576FE60-8449-4521-8A43-5C5E02704804}
		{7CA902E7-78E4-4149-8398-9AC714F07AE5} = {2576FE60-8449-4521-8A43-5C5E02704804}
		{51F11AD8-23AA-423E-8DD0-08BBB45038F7} = {33B73B86-16A0-4BB3-BD8F-BC0D71CFBFF8}
		{F2612D4E-E384-4B00-8D5B-CE5EA9C3270D} = {33B73B86-16A0-4BB3-BD8F-BC0D71CFBFF8}
		{ED8A1D98-A82F-459D-8E72-6465826B4732} = {33B73B86-16A0-4BB3-BD8F-BC0D71CFBFF8}
		{33B5C2EC-6932-4C29-8DE4-46E5D4AECA2E} = {4536B685-73D3-47D4-B242-ED41EBA13822}
		{AB350AEB-66E3-4F34-A435-5501D0C3D2E0} = {4536B685-73D3-47D4-B242-ED41EBA13822}
		{52174C8B-924D-4806-9761-3FDE1C7FBB85} = {4536B685-73D3-47D4-B242-ED41EBA13822}
		{8022BCBE-327C-4B8F-B8DE-3C601D586ADA} = {B91D3ACB-3E09-431F-B88B-9DE37B7FAFE7}
		{51B894D4-E305-44A6-8BB1-B4542EB01BBF} = {B91D3ACB-3E09-431F-B88B-9DE37B7FAFE7}
		{0E672272-95EF-4FC1-AF37-14BB9D8CB5E0} = {B91D3ACB-3E09-431F-B88B-9DE37B7FAFE7}
	EndGlobalSection
	GlobalSection(ExtensibilityGlobals) = postSolution
		SolutionGuid = {76754158-13F0-4764-AD3D-BAF5AA760A9A}
	EndGlobalSection
EndGlobal
